
Microsoft Visual Studio Solution File, Format Version 12.00
# Visual Studio 2012
Project("{FAE04EC0-301F-11D3-BF4B-00C04F79EFBC}") = "Lifecycle", "Lifecycle\Lifecycle.csproj", "{580052D6-682C-495B-84D3-5CDAD944E226}"
EndProject
Global
	GlobalSection(SolutionConfigurationPlatforms) = preSolution
		Debug|Any CPU = Debug|Any CPU
		Release|Any CPU = Release|Any CPU
	EndGlobalSection
	GlobalSection(ProjectConfigurationPlatforms) = postSolution
		{580052D6-682C-495B-84D3-5CDAD944E226}.Debug|Any CPU.ActiveCfg = Debug|Any CPU
		{580052D6-682C-495B-84D3-5CDAD944E226}.Debug|Any CPU.Build.0 = Debug|Any CPU
		{580052D6-682C-495B-84D3-5CDAD944E226}.Release|Any CPU.ActiveCfg = Release|Any CPU
		{580052D6-682C-495B-84D3-5CDAD944E226}.Release|Any CPU.Build.0 = Release|Any CPU
	EndGlobalSection
EndGlobal
